
Microsoft Visual Studio Solution File, Format Version 12.00
# Visual Studio Version 17
VisualStudioVersion = 17.0.32014.148
MinimumVisualStudioVersion = 10.0.40219.1
Project("{FAE04EC0-301F-11D3-BF4B-00C04F79EFBC}") = "Tarea3", "Tarea3.csproj", "{E3EFE92A-C61F-4DC2-96F3-3E0D5EA48E63}"
EndProject
Global
	GlobalSection(SolutionConfigurationPlatforms) = preSolution
		Debug|Any CPU = Debug|Any CPU
		Release|Any CPU = Release|Any CPU
	EndGlobalSection
	GlobalSection(ProjectConfigurationPlatforms) = postSolution
		{E3EFE92A-C61F-4DC2-96F3-3E0D5EA48E63}.Debug|Any CPU.ActiveCfg = Debug|Any CPU
		{E3EFE92A-C61F-4DC2-96F3-3E0D5EA48E63}.Debug|Any CPU.Build.0 = Debug|Any CPU
		{E3EFE92A-C61F-4DC2-96F3-3E0D5EA48E63}.Release|Any CPU.ActiveCfg = Release|Any CPU
		{E3EFE92A-C61F-4DC2-96F3-3E0D5EA48E63}.Release|Any CPU.Build.0 = Release|Any CPU
	EndGlobalSection
	GlobalSection(SolutionProperties) = preSolution
		HideSolutionNode = FALSE
	EndGlobalSection
	GlobalSection(ExtensibilityGlobals) = postSolution
		SolutionGuid = {20D77E86-19C9-431A-B17B-2D3E3B87050A}
	EndGlobalSection
EndGlobal
