
Microsoft Visual Studio Solution File, Format Version 12.00
# Visual Studio Version 17
VisualStudioVersion = 17.0.32112.339
MinimumVisualStudioVersion = 10.0.40219.1
Project("{FAE04EC0-301F-11D3-BF4B-00C04F79EFBC}") = "PSP_UD02_TE01_Ejercicio01", "PSP_UD02_TE01_Ejercicio01.csproj", "{62AF7704-6D23-477C-B406-637C9E68096D}"
EndProject
Project("{9A19103F-16F7-4668-BE54-9A1E7A4F7556}") = "PSP_UD02_TE01_Ejercicio02", "..\PSP_ud02_Ejericio02\PSP_UD02_TE01_Ejercicio02.csproj", "{E3EBF662-19D8-41DA-B49A-AE3EC231700D}"
EndProject
Global
	GlobalSection(SolutionConfigurationPlatforms) = preSolution
		Debug|Any CPU = Debug|Any CPU
		Release|Any CPU = Release|Any CPU
	EndGlobalSection
	GlobalSection(ProjectConfigurationPlatforms) = postSolution
		{62AF7704-6D23-477C-B406-637C9E68096D}.Debug|Any CPU.ActiveCfg = Debug|Any CPU
		{62AF7704-6D23-477C-B406-637C9E68096D}.Debug|Any CPU.Build.0 = Debug|Any CPU
		{62AF7704-6D23-477C-B406-637C9E68096D}.Release|Any CPU.ActiveCfg = Release|Any CPU
		{62AF7704-6D23-477C-B406-637C9E68096D}.Release|Any CPU.Build.0 = Release|Any CPU
		{E3EBF662-19D8-41DA-B49A-AE3EC231700D}.Debug|Any CPU.ActiveCfg = Debug|Any CPU
		{E3EBF662-19D8-41DA-B49A-AE3EC231700D}.Debug|Any CPU.Build.0 = Debug|Any CPU
		{E3EBF662-19D8-41DA-B49A-AE3EC231700D}.Release|Any CPU.ActiveCfg = Release|Any CPU
		{E3EBF662-19D8-41DA-B49A-AE3EC231700D}.Release|Any CPU.Build.0 = Release|Any CPU
	EndGlobalSection
	GlobalSection(SolutionProperties) = preSolution
		HideSolutionNode = FALSE
	EndGlobalSection
	GlobalSection(ExtensibilityGlobals) = postSolution
		SolutionGuid = {243556F3-3D27-46C5-8291-BB3CA4BADA16}
	EndGlobalSection
EndGlobal
